
Microsoft Visual Studio Solution File, Format Version 12.00
# Visual Studio Version 17
VisualStudioVersion = 17.7.34221.43
MinimumVisualStudioVersion = 10.0.40219.1
Project("{54A90642-561A-4BB1-A94E-469ADEE60C69}") = "angularapp", "angularapp\angularapp.esproj", "{DA167FEC-8F6F-4147-A2CF-10FB7B9B9488}"
EndProject
Project("{9A19103F-16F7-4668-BE54-9A1E7A4F7556}") = "webapi", "webapi\webapi.csproj", "{B4CF8BF5-EF9B-4273-B2C9-642BA8C0722C}"
EndProject
Global
	GlobalSection(SolutionConfigurationPlatforms) = preSolution
		Debug|Any CPU = Debug|Any CPU
		Release|Any CPU = Release|Any CPU
	EndGlobalSection
	GlobalSection(ProjectConfigurationPlatforms) = postSolution
		{DA167FEC-8F6F-4147-A2CF-10FB7B9B9488}.Debug|Any CPU.ActiveCfg = Debug|Any CPU
		{DA167FEC-8F6F-4147-A2CF-10FB7B9B9488}.Debug|Any CPU.Build.0 = Debug|Any CPU
		{DA167FEC-8F6F-4147-A2CF-10FB7B9B9488}.Debug|Any CPU.Deploy.0 = Debug|Any CPU
		{DA167FEC-8F6F-4147-A2CF-10FB7B9B9488}.Release|Any CPU.ActiveCfg = Release|Any CPU
		{DA167FEC-8F6F-4147-A2CF-10FB7B9B9488}.Release|Any CPU.Build.0 = Release|Any CPU
		{DA167FEC-8F6F-4147-A2CF-10FB7B9B9488}.Release|Any CPU.Deploy.0 = Release|Any CPU
		{B4CF8BF5-EF9B-4273-B2C9-642BA8C0722C}.Debug|Any CPU.ActiveCfg = Debug|Any CPU
		{B4CF8BF5-EF9B-4273-B2C9-642BA8C0722C}.Debug|Any CPU.Build.0 = Debug|Any CPU
		{B4CF8BF5-EF9B-4273-B2C9-642BA8C0722C}.Release|Any CPU.ActiveCfg = Release|Any CPU
		{B4CF8BF5-EF9B-4273-B2C9-642BA8C0722C}.Release|Any CPU.Build.0 = Release|Any CPU
	EndGlobalSection
	GlobalSection(SolutionProperties) = preSolution
		HideSolutionNode = FALSE
	EndGlobalSection
	GlobalSection(ExtensibilityGlobals) = postSolution
		SolutionGuid = {437F23B1-940A-4BCF-B283-E6C5E6293774}
	EndGlobalSection
EndGlobal
